{
  "name": "workout-book",
  "version": "1.0.0",
  "lockfileVersion": 1,
  "requires": true,
  "dependencies": {
    "lodash.throttle": {
      "version": "4.1.1",
      "resolved": "https://registry.npmjs.org/lodash.throttle/-/lodash.throttle-4.1.1.tgz",
      "integrity": "sha1-wj6RtxAkKscMN/HhzaknTMOb8vQ="
    },
    "object-assign": {
      "version": "4.0.1",
      "resolved": "https://registry.npmjs.org/object-assign/-/object-assign-4.0.1.tgz",
      "integrity": "sha1-mVBEVsNZi1ytT8WcJuipuxB/4L0="
    },
    "performance-now": {
      "version": "0.2.0",
      "resolved": "https://registry.npmjs.org/performance-now/-/performance-now-0.2.0.tgz",
      "integrity": "sha1-M+8wxcd9TqIcWlOGnZG1bY8lVeU="
    },
    "raf": {
      "version": "3.2.0",
      "resolved": "https://registry.npmjs.org/raf/-/raf-3.2.0.tgz",
      "integrity": "sha1-KrqaCbtw+MLpCU3GCs58N0+t7H4=",
      "requires": {
        "performance-now": "0.2.0"
      }
    },
    "react-class": {
      "version": "2.0.0",
      "resolved": "https://registry.npmjs.org/react-class/-/react-class-2.0.0.tgz",
      "integrity": "sha1-WlL9wV1NmXOOvyv2nbN0zoJzd5c=",
      "requires": {
        "object-assign": "4.0.1"
      }
    },
    "react-date-picker": {
      "version": "5.3.28",
      "resolved": "https://registry.npmjs.org/react-date-picker/-/react-date-picker-5.3.28.tgz",
      "integrity": "sha1-t7ru4mHFyNy5CZc/uXiJFO8H9Rg=",
      "requires": {
        "lodash.throttle": "4.1.1",
        "object-assign": "4.0.1",
        "raf": "3.2.0",
        "react-class": "2.0.0",
        "react-field": "2.0.2",
        "react-flex": "2.2.7",
        "react-inline-block": "2.0.0",
        "react-notify-resize": "1.0.3",
        "react-style-normalizer": "1.2.8"
      }
    },
    "react-field": {
      "version": "2.0.2",
      "resolved": "https://registry.npmjs.org/react-field/-/react-field-2.0.2.tgz",
      "integrity": "sha1-dOZXlENy3sD4ycjjQHhue7dh0rU=",
      "requires": {
        "object-assign": "4.1.1"
      },
      "dependencies": {
        "object-assign": {
          "version": "4.1.1",
          "resolved": "https://registry.npmjs.org/object-assign/-/object-assign-4.1.1.tgz",
          "integrity": "sha1-IQmtx5ZYh8/AXLvUQsrIv7s2CGM="
        }
      }
    },
    "react-flex": {
      "version": "2.2.7",
      "resolved": "https://registry.npmjs.org/react-flex/-/react-flex-2.2.7.tgz",
      "integrity": "sha1-XITmw6/8vcNm7d5AiPjQcwMxj6g=",
      "requires": {
        "object-assign": "4.0.1",
        "react-class": "2.0.0"
      }
    },
    "react-inline-block": {
      "version": "2.0.0",
      "resolved": "https://registry.npmjs.org/react-inline-block/-/react-inline-block-2.0.0.tgz",
      "integrity": "sha1-fbes1hVwW1RZhwLxhiLehK+An/o=",
      "requires": {
        "object-assign": "4.0.1"
      }
    },
    "react-notify-resize": {
      "version": "1.0.3",
      "resolved": "https://registry.npmjs.org/react-notify-resize/-/react-notify-resize-1.0.3.tgz",
      "integrity": "sha1-oddQOu79J+7LaztbNcdwe+lCL0g=",
      "requires": {
        "react-class": "2.0.0"
      }
    },
    "react-style-normalizer": {
      "version": "1.2.8",
      "resolved": "https://registry.npmjs.org/react-style-normalizer/-/react-style-normalizer-1.2.8.tgz",
      "integrity": "sha1-foSz0lzqYiVUXFr2iWOyJYhTRKI="
    }
  }
}
